<?xml version="1.0" encoding="utf-8"?>
<Project ToolsVersion="4.0" xmlns="http://schemas.microsoft.com/developer/msbuild/2003">
  <ItemGroup>
    <ClCompile Include="src\pch.cpp">
      <Filter>VS</Filter>
    </ClCompile>
    <ClCompile Include="src\main.cpp" />
    <ClCompile Include="src\Histogram3D.cpp">
      <Filter>GUI\Drawables</Filter>
    </ClCompile>
    <ClCompile Include="src\Block.cpp">
      <Filter>GUI\Drawables</Filter>
    </ClCompile>
    <ClCompile Include="src\Labyrinth.cpp">
      <Filter>GUI\Drawables</Filter>
    </ClCompile>
    <ClCompile Include="src\Wall.cpp">
      <Filter>GUI\Drawables</Filter>
    </ClCompile>
    <ClCompile Include="src\GlutWindow.cpp">
      <Filter>GUI</Filter>
    </ClCompile>
    <ClCompile Include="src\Vector3.cpp">
      <Filter>Model</Filter>
    </ClCompile>
    <ClCompile Include="src\Camera.cpp">
      <Filter>GUI\Camera</Filter>
    </ClCompile>
    <ClCompile Include="src\LookAtCamera.cpp">
      <Filter>GUI\Camera</Filter>
    </ClCompile>
    <ClCompile Include="src\FirstPersonCamera.cpp">
      <Filter>GUI\Camera</Filter>
    </ClCompile>
    <ClCompile Include="src\Dijkstra.cpp">
      <Filter>Model</Filter>
    </ClCompile>
    <ClCompile Include="src\Textures.cpp">
      <Filter>GUI</Filter>
    </ClCompile>
    <ClCompile Include="src\Color3ub.cpp">
      <Filter>GUI\Color</Filter>
    </ClCompile>
    <ClCompile Include="src\Collision.cpp">
      <Filter>Model</Filter>
    </ClCompile>
    <ClCompile Include="src\Settings.cpp" />
    <ClCompile Include="src\TopDownCamera.cpp">
      <Filter>GUI\Camera</Filter>
    </ClCompile>
    <ClCompile Include="src\Circle.cpp">
      <Filter>GUI\Drawables</Filter>
    </ClCompile>
    <ClCompile Include="src\Cylinder.cpp">
      <Filter>GUI\Drawables</Filter>
    </ClCompile>
    <ClCompile Include="src\Cone.cpp">
      <Filter>GUI\Drawables</Filter>
    </ClCompile>
  </ItemGroup>
  <ItemGroup>
    <ClInclude Include="src\pch.h">
      <Filter>VS</Filter>
    </ClInclude>
    <ClInclude Include="src\Drawable.h">
      <Filter>GUI\Drawables</Filter>
    </ClInclude>
    <ClInclude Include="src\Block.h">
      <Filter>GUI\Drawables</Filter>
    </ClInclude>
    <ClInclude Include="src\Histogram3D.h">
      <Filter>GUI\Drawables</Filter>
    </ClInclude>
    <ClInclude Include="src\Labyrinth.h">
      <Filter>GUI\Drawables</Filter>
    </ClInclude>
    <ClInclude Include="src\Wall.h">
      <Filter>GUI\Drawables</Filter>
    </ClInclude>
    <ClInclude Include="src\GlutWindow.h">
      <Filter>GUI</Filter>
    </ClInclude>
    <ClInclude Include="src\Quad.h">
      <Filter>Model</Filter>
    </ClInclude>
    <ClInclude Include="src\Vector2.h">
      <Filter>Model</Filter>
    </ClInclude>
    <ClInclude Include="src\Vector3.h">
      <Filter>Model</Filter>
    </ClInclude>
    <ClInclude Include="src\Camera.h">
      <Filter>GUI\Camera</Filter>
    </ClInclude>
    <ClInclude Include="src\LookAtCamera.h">
      <Filter>GUI\Camera</Filter>
    </ClInclude>
    <ClInclude Include="src\FirstPersonCamera.h">
      <Filter>GUI\Camera</Filter>
    </ClInclude>
    <ClInclude Include="src\Dijkstra.h">
      <Filter>Model</Filter>
    </ClInclude>
    <ClInclude Include="src\Types.h" />
    <ClInclude Include="src\DijkstraPoint.h">
      <Filter>Model</Filter>
    </ClInclude>
    <ClInclude Include="src\Textures.h">
      <Filter>GUI</Filter>
    </ClInclude>
    <ClInclude Include="src\Color3f.h">
      <Filter>GUI\Color</Filter>
    </ClInclude>
    <ClInclude Include="src\Color3ub.h">
      <Filter>GUI\Color</Filter>
    </ClInclude>
    <ClInclude Include="src\Collision.h">
      <Filter>Model</Filter>
    </ClInclude>
    <ClInclude Include="src\Settings.h" />
    <ClInclude Include="src\TopDownCamera.h">
      <Filter>GUI\Camera</Filter>
    </ClInclude>
    <ClInclude Include="src\Circle.h">
      <Filter>GUI\Drawables</Filter>
    </ClInclude>
    <ClInclude Include="src\Cylinder.h">
      <Filter>GUI\Drawables</Filter>
    </ClInclude>
    <ClInclude Include="src\Constants.h" />
    <ClInclude Include="src\ConeTop.h">
      <Filter>GUI\Drawables</Filter>
    </ClInclude>
    <ClInclude Include="src\Cone.h">
      <Filter>GUI\Drawables</Filter>
    </ClInclude>
  </ItemGroup>
  <ItemGroup>
    <Filter Include="VS">
      <UniqueIdentifier>{4d400ef8-89a4-4fd7-ace6-6d215861d382}</UniqueIdentifier>
    </Filter>
    <Filter Include="GUI">
      <UniqueIdentifier>{b02a0814-7c5b-4f73-859c-235d2db86167}</UniqueIdentifier>
    </Filter>
    <Filter Include="Model">
      <UniqueIdentifier>{8d6018c6-011b-470f-94ed-12597aa5a3f7}</UniqueIdentifier>
    </Filter>
    <Filter Include="GUI\Camera">
      <UniqueIdentifier>{1de057df-b183-4ebc-b7ef-559186834d40}</UniqueIdentifier>
    </Filter>
    <Filter Include="GUI\Drawables">
      <UniqueIdentifier>{27acb624-99c0-4781-ba80-a4966b78d63a}</UniqueIdentifier>
    </Filter>
    <Filter Include="GUI\Color">
      <UniqueIdentifier>{30b8807b-347c-45d4-9adc-f8038691b865}</UniqueIdentifier>
    </Filter>
    <Filter Include="img">
      <UniqueIdentifier>{46154eb1-b628-4986-b13d-d758b56fbadd}</UniqueIdentifier>
    </Filter>
  </ItemGroup>
  <ItemGroup>
    <Image Include="img\wall.jpg">
      <Filter>img</Filter>
    </Image>
    <Image Include="img\wall.png">
      <Filter>img</Filter>
    </Image>
    <Image Include="img\grass.png">
      <Filter>img</Filter>
    </Image>
    <Image Include="img\ground.jpg">
      <Filter>img</Filter>
    </Image>
    <Image Include="img\ground2.jpg">
      <Filter>img</Filter>
    </Image>
    <Image Include="img\rockwall.jpg">
      <Filter>img</Filter>
    </Image>
  </ItemGroup>
</Project>